// !$*UTF8*$!
{
	archiveVersion = 1;
	classes = {
	};
	objectVersion = 50;
	objects = {

/* Begin PBXBuildFile section */
		310E410522B12B78001CAFAE /* SCNNode+Extensions.swift in Sources */ = {isa = PBXBuildFile; fileRef = 310E410422B12B78001CAFAE /* SCNNode+Extensions.swift */; };
		310E410722B12C2A001CAFAE /* FloatingPoint+Extensions.swift in Sources */ = {isa = PBXBuildFile; fileRef = 310E410622B12C2A001CAFAE /* FloatingPoint+Extensions.swift */; };
		3181E47C22AFC874007C1CF2 /* AppDelegate.swift in Sources */ = {isa = PBXBuildFile; fileRef = 3181E47B22AFC874007C1CF2 /* AppDelegate.swift */; };
		3181E47E22AFC874007C1CF2 /* heroes.scnassets in Resources */ = {isa = PBXBuildFile; fileRef = 3181E47D22AFC874007C1CF2 /* heroes.scnassets */; };
		3181E48022AFC874007C1CF2 /* HeroesPlacerViewController.swift in Sources */ = {isa = PBXBuildFile; fileRef = 3181E47F22AFC874007C1CF2 /* HeroesPlacerViewController.swift */; };
		3181E48322AFC874007C1CF2 /* Main.storyboard in Resources */ = {isa = PBXBuildFile; fileRef = 3181E48122AFC874007C1CF2 /* Main.storyboard */; };
		3181E48522AFC875007C1CF2 /* Assets.xcassets in Resources */ = {isa = PBXBuildFile; fileRef = 3181E48422AFC875007C1CF2 /* Assets.xcassets */; };
		3181E48822AFC875007C1CF2 /* LaunchScreen.storyboard in Resources */ = {isa = PBXBuildFile; fileRef = 3181E48622AFC875007C1CF2 /* LaunchScreen.storyboard */; };
		3181E49022AFDCF1007C1CF2 /* HeroesPickerViewController.swift in Sources */ = {isa = PBXBuildFile; fileRef = 3181E48F22AFDCF1007C1CF2 /* HeroesPickerViewController.swift */; };
		D357CB5DEBD2900582EAFB8E /* Pods_MarvelAR.framework in Frameworks */ = {isa = PBXBuildFile; fileRef = B95C0694068A405D64268AA6 /* Pods_MarvelAR.framework */; };
/* End PBXBuildFile section */

/* Begin PBXFileReference section */
		310E410422B12B78001CAFAE /* SCNNode+Extensions.swift */ = {isa = PBXFileReference; lastKnownFileType = sourcecode.swift; path = "SCNNode+Extensions.swift"; sourceTree = "<group>"; };
		310E410622B12C2A001CAFAE /* FloatingPoint+Extensions.swift */ = {isa = PBXFileReference; lastKnownFileType = sourcecode.swift; path = "FloatingPoint+Extensions.swift"; sourceTree = "<group>"; };
		3181E47822AFC874007C1CF2 /* MarvelAR.app */ = {isa = PBXFileReference; explicitFileType = wrapper.application; includeInIndex = 0; path = MarvelAR.app; sourceTree = BUILT_PRODUCTS_DIR; };
		3181E47B22AFC874007C1CF2 /* AppDelegate.swift */ = {isa = PBXFileReference; lastKnownFileType = sourcecode.swift; path = AppDelegate.swift; sourceTree = "<group>"; };
		3181E47D22AFC874007C1CF2 /* heroes.scnassets */ = {isa = PBXFileReference; lastKnownFileType = wrapper.scnassets; path = heroes.scnassets; sourceTree = "<group>"; };
		3181E47F22AFC874007C1CF2 /* HeroesPlacerViewController.swift */ = {isa = PBXFileReference; lastKnownFileType = sourcecode.swift; path = HeroesPlacerViewController.swift; sourceTree = "<group>"; };
		3181E48222AFC874007C1CF2 /* Base */ = {isa = PBXFileReference; lastKnownFileType = file.storyboard; name = Base; path = Base.lproj/Main.storyboard; sourceTree = "<group>"; };
		3181E48422AFC875007C1CF2 /* Assets.xcassets */ = {isa = PBXFileReference; lastKnownFileType = folder.assetcatalog; path = Assets.xcassets; sourceTree = "<group>"; };
		3181E48722AFC875007C1CF2 /* Base */ = {isa = PBXFileReference; lastKnownFileType = file.storyboard; name = Base; path = Base.lproj/LaunchScreen.storyboard; sourceTree = "<group>"; };
		3181E48922AFC875007C1CF2 /* Info.plist */ = {isa = PBXFileReference; lastKnownFileType = text.plist.xml; path = Info.plist; sourceTree = "<group>"; };
		3181E48F22AFDCF1007C1CF2 /* HeroesPickerViewController.swift */ = {isa = PBXFileReference; lastKnownFileType = sourcecode.swift; path = HeroesPickerViewController.swift; sourceTree = "<group>"; };
		B95C0694068A405D64268AA6 /* Pods_MarvelAR.framework */ = {isa = PBXFileReference; explicitFileType = wrapper.framework; includeInIndex = 0; path = Pods_MarvelAR.framework; sourceTree = BUILT_PRODUCTS_DIR; };
		C3A6AAB3921A34FB8CBBDCCC /* Pods-MarvelAR.release.xcconfig */ = {isa = PBXFileReference; includeInIndex = 1; lastKnownFileType = text.xcconfig; name = "Pods-MarvelAR.release.xcconfig"; path = "Target Support Files/Pods-MarvelAR/Pods-MarvelAR.release.xcconfig"; sourceTree = "<group>"; };
		D1C8E4A252E272C68AF00623 /* Pods-MarvelAR.debug.xcconfig */ = {isa = PBXFileReference; includeInIndex = 1; lastKnownFileType = text.xcconfig; name = "Pods-MarvelAR.debug.xcconfig"; path = "Target Support Files/Pods-MarvelAR/Pods-MarvelAR.debug.xcconfig"; sourceTree = "<group>"; };
/* End PBXFileReference section */

/* Begin PBXFrameworksBuildPhase section */
		3181E47522AFC874007C1CF2 /* Frameworks */ = {
			isa = PBXFrameworksBuildPhase;
			buildActionMask = 2147483647;
			files = (
				D357CB5DEBD2900582EAFB8E /* Pods_MarvelAR.framework in Frameworks */,
			);
			runOnlyForDeploymentPostprocessing = 0;
		};
/* End PBXFrameworksBuildPhase section */

/* Begin PBXGroup section */
		310E410322B12B61001CAFAE /* Extension */ = {
			isa = PBXGroup;
			children = (
				310E410422B12B78001CAFAE /* SCNNode+Extensions.swift */,
				310E410622B12C2A001CAFAE /* FloatingPoint+Extensions.swift */,
			);
			path = Extension;
			sourceTree = "<group>";
		};
		3181E46F22AFC874007C1CF2 = {
			isa = PBXGroup;
			children = (
				3181E47A22AFC874007C1CF2 /* MarvelAR */,
				3181E47922AFC874007C1CF2 /* Products */,
				ED773F75693DCCB972414822 /* Pods */,
				AE3EA8E59C27B8E209735702 /* Frameworks */,
			);
			sourceTree = "<group>";
		};
		3181E47922AFC874007C1CF2 /* Products */ = {
			isa = PBXGroup;
			children = (
				3181E47822AFC874007C1CF2 /* MarvelAR.app */,
			);
			name = Products;
			sourceTree = "<group>";
		};
		3181E47A22AFC874007C1CF2 /* MarvelAR */ = {
			isa = PBXGroup;
			children = (
				310E410322B12B61001CAFAE /* Extension */,
				3181E47B22AFC874007C1CF2 /* AppDelegate.swift */,
				3181E47D22AFC874007C1CF2 /* heroes.scnassets */,
				3181E47F22AFC874007C1CF2 /* HeroesPlacerViewController.swift */,
				3181E48F22AFDCF1007C1CF2 /* HeroesPickerViewController.swift */,
				3181E48122AFC874007C1CF2 /* Main.storyboard */,
				3181E48422AFC875007C1CF2 /* Assets.xcassets */,
				3181E48622AFC875007C1CF2 /* LaunchScreen.storyboard */,
				3181E48922AFC875007C1CF2 /* Info.plist */,
			);
			path = MarvelAR;
			sourceTree = "<group>";
		};
		AE3EA8E59C27B8E209735702 /* Frameworks */ = {
			isa = PBXGroup;
			children = (
				B95C0694068A405D64268AA6 /* Pods_MarvelAR.framework */,
			);
			name = Frameworks;
			sourceTree = "<group>";
		};
		ED773F75693DCCB972414822 /* Pods */ = {
			isa = PBXGroup;
			children = (
				D1C8E4A252E272C68AF00623 /* Pods-MarvelAR.debug.xcconfig */,
				C3A6AAB3921A34FB8CBBDCCC /* Pods-MarvelAR.release.xcconfig */,
			);
			name = Pods;
			path = Pods;
			sourceTree = "<group>";
		};
/* End PBXGroup section */

/* Begin PBXNativeTarget section */
		3181E47722AFC874007C1CF2 /* MarvelAR */ = {
			isa = PBXNativeTarget;
			buildConfigurationList = 3181E48C22AFC875007C1CF2 /* Build configuration list for PBXNativeTarget "MarvelAR" */;
			buildPhases = (
				165F5C1EB5EFABF1121C6BAF /* [CP] Check Pods Manifest.lock */,
				3181E47422AFC874007C1CF2 /* Sources */,
				3181E47522AFC874007C1CF2 /* Frameworks */,
				3181E47622AFC874007C1CF2 /* Resources */,
			);
			buildRules = (
			);
			dependencies = (
			);
			name = MarvelAR;
			productName = MarvelAR;
			productReference = 3181E47822AFC874007C1CF2 /* MarvelAR.app */;
			productType = "com.apple.product-type.application";
		};
/* End PBXNativeTarget section */

/* Begin PBXProject section */
		3181E47022AFC874007C1CF2 /* Project object */ = {
			isa = PBXProject;
			attributes = {
				LastSwiftUpdateCheck = 1020;
				LastUpgradeCheck = 1020;
				ORGANIZATIONNAME = hadiidbouk;
				TargetAttributes = {
					3181E47722AFC874007C1CF2 = {
						CreatedOnToolsVersion = 10.2.1;
					};
				};
			};
			buildConfigurationList = 3181E47322AFC874007C1CF2 /* Build configuration list for PBXProject "MarvelAR" */;
			compatibilityVersion = "Xcode 9.3";
			developmentRegion = en;
			hasScannedForEncodings = 0;
			knownRegions = (
				en,
				Base,
			);
			mainGroup = 3181E46F22AFC874007C1CF2;
			productRefGroup = 3181E47922AFC874007C1CF2 /* Products */;
			projectDirPath = "";
			projectRoot = "";
			targets = (
				3181E47722AFC874007C1CF2 /* MarvelAR */,
			);
		};
/* End PBXProject section */

/* Begin PBXResourcesBuildPhase section */
		3181E47622AFC874007C1CF2 /* Resources */ = {
			isa = PBXResourcesBuildPhase;
			buildActionMask = 2147483647;
			files = (
				3181E47E22AFC874007C1CF2 /* heroes.scnassets in Resources */,
				3181E48822AFC875007C1CF2 /* LaunchScreen.storyboard in Resources */,
				3181E48522AFC875007C1CF2 /* Assets.xcassets in Resources */,
				3181E48322AFC874007C1CF2 /* Main.storyboard in Resources */,
			);
			runOnlyForDeploymentPostprocessing = 0;
		};
/* End PBXResourcesBuildPhase section */

/* Begin PBXShellScriptBuildPhase section */
		165F5C1EB5EFABF1121C6BAF /* [CP] Check Pods Manifest.lock */ = {
			isa = PBXShellScriptBuildPhase;
			buildActionMask = 2147483647;
			files = (
			);
			inputFileListPaths = (
			);
			inputPaths = (
				"${PODS_PODFILE_DIR_PATH}/Podfile.lock",
				"${PODS_ROOT}/Manifest.lock",
			);
			name = "[CP] Check Pods Manifest.lock";
			outputFileListPaths = (
			);
			outputPaths = (
				"$(DERIVED_FILE_DIR)/Pods-MarvelAR-checkManifestLockResult.txt",
			);
			runOnlyForDeploymentPostprocessing = 0;
			shellPath = /bin/sh;
			shellScript = "diff \"${PODS_PODFILE_DIR_PATH}/Podfile.lock\" \"${PODS_ROOT}/Manifest.lock\" > /dev/null\nif [ $? != 0 ] ; then\n    # print error to STDERR\n    echo \"error: The sandbox is not in sync with the Podfile.lock. Run 'pod install' or update your CocoaPods installation.\" >&2\n    exit 1\nfi\n# This output is used by Xcode 'outputs' to avoid re-running this script phase.\necho \"SUCCESS\" > \"${SCRIPT_OUTPUT_FILE_0}\"\n";
			showEnvVarsInLog = 0;
		};
/* End PBXShellScriptBuildPhase section */

/* Begin PBXSourcesBuildPhase section */
		3181E47422AFC874007C1CF2 /* Sources */ = {
			isa = PBXSourcesBuildPhase;
			buildActionMask = 2147483647;
			files = (
				310E410522B12B78001CAFAE /* SCNNode+Extensions.swift in Sources */,
				310E410722B12C2A001CAFAE /* FloatingPoint+Extensions.swift in Sources */,
				3181E48022AFC874007C1CF2 /* HeroesPlacerViewController.swift in Sources */,
				3181E49022AFDCF1007C1CF2 /* HeroesPickerViewController.swift in Sources */,
				3181E47C22AFC874007C1CF2 /* AppDelegate.swift in Sources */,
			);
			runOnlyForDeploymentPostprocessing = 0;
		};
/* End PBXSourcesBuildPhase section */

/* Begin PBXVariantGroup section */
		3181E48122AFC874007C1CF2 /* Main.storyboard */ = {
			isa = PBXVariantGroup;
			children = (
				3181E48222AFC874007C1CF2 /* Base */,
			);
			name = Main.storyboard;
			sourceTree = "<group>";
		};
		3181E48622AFC875007C1CF2 /* LaunchScreen.storyboard */ = {
			isa = PBXVariantGroup;
			children = (
				3181E48722AFC875007C1CF2 /* Base */,
			);
			name = LaunchScreen.storyboard;
			sourceTree = "<group>";
		};
/* End PBXVariantGroup section */

/* Begin XCBuildConfiguration section */
		3181E48A22AFC875007C1CF2 /* Debug */ = {
			isa = XCBuildConfiguration;
			buildSettings = {
				ALWAYS_SEARCH_USER_PATHS = NO;
				CLANG_ANALYZER_NONNULL = YES;
				CLANG_ANALYZER_NUMBER_OBJECT_CONVERSION = YES_AGGRESSIVE;
				CLANG_CXX_LANGUAGE_STANDARD = "gnu++14";
				CLANG_CXX_LIBRARY = "libc++";
				CLANG_ENABLE_MODULES = YES;
				CLANG_ENABLE_OBJC_ARC = YES;
				CLANG_ENABLE_OBJC_WEAK = YES;
				CLANG_WARN_BLOCK_CAPTURE_AUTORELEASING = YES;
				CLANG_WARN_BOOL_CONVERSION = YES;
				CLANG_WARN_COMMA = YES;
				CLANG_WARN_CONSTANT_CONVERSION = YES;
				CLANG_WARN_DEPRECATED_OBJC_IMPLEMENTATIONS = YES;
				CLANG_WARN_DIRECT_OBJC_ISA_USAGE = YES_ERROR;
				CLANG_WARN_DOCUMENTATION_COMMENTS = YES;
				CLANG_WARN_EMPTY_BODY = YES;
				CLANG_WARN_ENUM_CONVERSION = YES;
				CLANG_WARN_INFINITE_RECURSION = YES;
				CLANG_WARN_INT_CONVERSION = YES;
				CLANG_WARN_NON_LITERAL_NULL_CONVERSION = YES;
				CLANG_WARN_OBJC_IMPLICIT_RETAIN_SELF = YES;
				CLANG_WARN_OBJC_LITERAL_CONVERSION = YES;
				CLANG_WARN_OBJC_ROOT_CLASS = YES_ERROR;
				CLANG_WARN_RANGE_LOOP_ANALYSIS = YES;
				CLANG_WARN_STRICT_PROTOTYPES = YES;
				CLANG_WARN_SUSPICIOUS_MOVE = YES;
				CLANG_WARN_UNGUARDED_AVAILABILITY = YES_AGGRESSIVE;
				CLANG_WARN_UNREACHABLE_CODE = YES;
				CLANG_WARN__DUPLICATE_METHOD_MATCH = YES;
				CODE_SIGN_IDENTITY = "iPhone Developer";
				COPY_PHASE_STRIP = NO;
				DEBUG_INFORMATION_FORMAT = dwarf;
				ENABLE_STRICT_OBJC_MSGSEND = YES;
				ENABLE_TESTABILITY = YES;
				GCC_C_LANGUAGE_STANDARD = gnu11;
				GCC_DYNAMIC_NO_PIC = NO;
				GCC_NO_COMMON_BLOCKS = YES;
				GCC_OPTIMIZATION_LEVEL = 0;
				GCC_PREPROCESSOR_DEFINITIONS = (
					"DEBUG=1",
					"$(inherited)",
				);
				GCC_WARN_64_TO_32_BIT_CONVERSION = YES;
				GCC_WARN_ABOUT_RETURN_TYPE = YES_ERROR;
				GCC_WARN_UNDECLARED_SELECTOR = YES;
				GCC_WARN_UNINITIALIZED_AUTOS = YES_AGGRESSIVE;
				GCC_WARN_UNUSED_FUNCTION = YES;
				GCC_WARN_UNUSED_VARIABLE = YES;
				IPHONEOS_DEPLOYMENT_TARGET = 12.2;
				MTL_ENABLE_DEBUG_INFO = INCLUDE_SOURCE;
				MTL_FAST_MATH = YES;
				ONLY_ACTIVE_ARCH = YES;
				SDKROOT = iphoneos;
				SWIFT_ACTIVE_COMPILATION_CONDITIONS = DEBUG;
				SWIFT_OPTIMIZATION_LEVEL = "-Onone";
			};
			name = Debug;
		};
		3181E48B22AFC875007C1CF2 /* Release */ = {
			isa = XCBuildConfiguration;
			buildSettings = {
				ALWAYS_SEARCH_USER_PATHS = NO;
				CLANG_ANALYZER_NONNULL = YES;
				CLANG_ANALYZER_NUMBER_OBJECT_CONVERSION = YES_AGGRESSIVE;
				CLANG_CXX_LANGUAGE_STANDARD = "gnu++14";
				CLANG_CXX_LIBRARY = "libc++";
				CLANG_ENABLE_MODULES = YES;
				CLANG_ENABLE_OBJC_ARC = YES;
				CLANG_ENABLE_OBJC_WEAK = YES;
				CLANG_WARN_BLOCK_CAPTURE_AUTORELEASING = YES;
				CLANG_WARN_BOOL_CONVERSION = YES;
				CLANG_WARN_COMMA = YES;
				CLANG_WARN_CONSTANT_CONVERSION = YES;
				CLANG_WARN_DEPRECATED_OBJC_IMPLEMENTATIONS = YES;
				CLANG_WARN_DIRECT_OBJC_ISA_USAGE = YES_ERROR;
				CLANG_WARN_DOCUMENTATION_COMMENTS = YES;
				CLANG_WARN_EMPTY_BODY = YES;
				CLANG_WARN_ENUM_CONVERSION = YES;
				CLANG_WARN_INFINITE_RECURSION = YES;
				CLANG_WARN_INT_CONVERSION = YES;
				CLANG_WARN_NON_LITERAL_NULL_CONVERSION = YES;
				CLANG_WARN_OBJC_IMPLICIT_RETAIN_SELF = YES;
				CLANG_WARN_OBJC_LITERAL_CONVERSION = YES;
				CLANG_WARN_OBJC_ROOT_CLASS = YES_ERROR;
				CLANG_WARN_RANGE_LOOP_ANALYSIS = YES;
				CLANG_WARN_STRICT_PROTOTYPES = YES;
				CLANG_WARN_SUSPICIOUS_MOVE = YES;
				CLANG_WARN_UNGUARDED_AVAILABILITY = YES_AGGRESSIVE;
				CLANG_WARN_UNREACHABLE_CODE = YES;
				CLANG_WARN__DUPLICATE_METHOD_MATCH = YES;
				CODE_SIGN_IDENTITY = "iPhone Developer";
				COPY_PHASE_STRIP = NO;
				DEBUG_INFORMATION_FORMAT = "dwarf-with-dsym";
				ENABLE_NS_ASSERTIONS = NO;
				ENABLE_STRICT_OBJC_MSGSEND = YES;
				GCC_C_LANGUAGE_STANDARD = gnu11;
				GCC_NO_COMMON_BLOCKS = YES;
				GCC_WARN_64_TO_32_BIT_CONVERSION = YES;
				GCC_WARN_ABOUT_RETURN_TYPE = YES_ERROR;
				GCC_WARN_UNDECLARED_SELECTOR = YES;
				GCC_WARN_UNINITIALIZED_AUTOS = YES_AGGRESSIVE;
				GCC_WARN_UNUSED_FUNCTION = YES;
				GCC_WARN_UNUSED_VARIABLE = YES;
				IPHONEOS_DEPLOYMENT_TARGET = 12.2;
				MTL_ENABLE_DEBUG_INFO = NO;
				MTL_FAST_MATH = YES;
				SDKROOT = iphoneos;
				SWIFT_COMPILATION_MODE = wholemodule;
				SWIFT_OPTIMIZATION_LEVEL = "-O";
				VALIDATE_PRODUCT = YES;
			};
			name = Release;
		};
		3181E48D22AFC875007C1CF2 /* Debug */ = {
			isa = XCBuildConfiguration;
			baseConfigurationReference = D1C8E4A252E272C68AF00623 /* Pods-MarvelAR.debug.xcconfig */;
			buildSettings = {
				ASSETCATALOG_COMPILER_APPICON_NAME = AppIcon;
				CODE_SIGN_STYLE = Automatic;
				DEVELOPMENT_TEAM = YL77PVMV33;
				INFOPLIST_FILE = MarvelAR/Info.plist;
				LD_RUNPATH_SEARCH_PATHS = (
					"$(inherited)",
					"@executable_path/Frameworks",
				);
				PRODUCT_BUNDLE_IDENTIFIER = com.hadiidbouk.MarvelAR;
				PRODUCT_NAME = "$(TARGET_NAME)";
				SWIFT_VERSION = 5.0;
				TARGETED_DEVICE_FAMILY = "1,2";
			};
			name = Debug;
		};
		3181E48E22AFC875007C1CF2 /* Release */ = {
			isa = XCBuildConfiguration;
			baseConfigurationReference = C3A6AAB3921A34FB8CBBDCCC /* Pods-MarvelAR.release.xcconfig */;
			buildSettings = {
				ASSETCATALOG_COMPILER_APPICON_NAME = AppIcon;
				CODE_SIGN_STYLE = Automatic;
				DEVELOPMENT_TEAM = YL77PVMV33;
				INFOPLIST_FILE = MarvelAR/Info.plist;
				LD_RUNPATH_SEARCH_PATHS = (
					"$(inherited)",
					"@executable_path/Frameworks",
				);
				PRODUCT_BUNDLE_IDENTIFIER = com.hadiidbouk.MarvelAR;
				PRODUCT_NAME = "$(TARGET_NAME)";
				SWIFT_VERSION = 5.0;
				TARGETED_DEVICE_FAMILY = "1,2";
			};
			name = Release;
		};
/* End XCBuildConfiguration section */

/* Begin XCConfigurationList section */
		3181E47322AFC874007C1CF2 /* Build configuration list for PBXProject "MarvelAR" */ = {
			isa = XCConfigurationList;
			buildConfigurations = (
				3181E48A22AFC875007C1CF2 /* Debug */,
				3181E48B22AFC875007C1CF2 /* Release */,
			);
			defaultConfigurationIsVisible = 0;
			defaultConfigurationName = Release;
		};
		3181E48C22AFC875007C1CF2 /* Build configuration list for PBXNativeTarget "MarvelAR" */ = {
			isa = XCConfigurationList;
			buildConfigurations = (
				3181E48D22AFC875007C1CF2 /* Debug */,
				3181E48E22AFC875007C1CF2 /* Release */,
			);
			defaultConfigurationIsVisible = 0;
			defaultConfigurationName = Release;
		};
/* End XCConfigurationList section */
	};
	rootObject = 3181E47022AFC874007C1CF2 /* Project object */;
}
